
Microsoft Visual Studio Solution File, Format Version 12.00
# Visual Studio 15
VisualStudioVersion = 15.0.28307.489
MinimumVisualStudioVersion = 10.0.40219.1
Project("{FAE04EC0-301F-11D3-BF4B-00C04F79EFBC}") = "PipeClient", "PipeClient\PipeClient.csproj", "{251547ED-8730-4FAD-9D38-60267E8AEBB5}"
EndProject
Project("{FAE04EC0-301F-11D3-BF4B-00C04F79EFBC}") = "PipeServer", "PipeServer\PipeServer.csproj", "{1087C149-C0FD-4660-A595-7A052C6953CE}"
EndProject
Global
	GlobalSection(SolutionConfigurationPlatforms) = preSolution
		Debug|Any CPU = Debug|Any CPU
		Release|Any CPU = Release|Any CPU
	EndGlobalSection
	GlobalSection(ProjectConfigurationPlatforms) = postSolution
		{251547ED-8730-4FAD-9D38-60267E8AEBB5}.Debug|Any CPU.ActiveCfg = Debug|Any CPU
		{251547ED-8730-4FAD-9D38-60267E8AEBB5}.Debug|Any CPU.Build.0 = Debug|Any CPU
		{251547ED-8730-4FAD-9D38-60267E8AEBB5}.Release|Any CPU.ActiveCfg = Release|Any CPU
		{251547ED-8730-4FAD-9D38-60267E8AEBB5}.Release|Any CPU.Build.0 = Release|Any CPU
		{1087C149-C0FD-4660-A595-7A052C6953CE}.Debug|Any CPU.ActiveCfg = Debug|Any CPU
		{1087C149-C0FD-4660-A595-7A052C6953CE}.Debug|Any CPU.Build.0 = Debug|Any CPU
		{1087C149-C0FD-4660-A595-7A052C6953CE}.Release|Any CPU.ActiveCfg = Release|Any CPU
		{1087C149-C0FD-4660-A595-7A052C6953CE}.Release|Any CPU.Build.0 = Release|Any CPU
	EndGlobalSection
	GlobalSection(SolutionProperties) = preSolution
		HideSolutionNode = FALSE
	EndGlobalSection
	GlobalSection(ExtensibilityGlobals) = postSolution
		SolutionGuid = {B5A6A720-AA7B-426E-BD4A-C5418B85F6FE}
	EndGlobalSection
EndGlobal
